
Microsoft Visual Studio Solution File, Format Version 12.00
# Visual Studio 2012
Project("{8BC9CEB8-8B4A-11D0-8D11-00A0C91BC942}") = "BiLabel", "BiLabel\BiLabel.vcxproj", "{6C0EB2C8-6E0E-4893-980D-DE74531B3BE6}"
EndProject
Global
	GlobalSection(SolutionConfigurationPlatforms) = preSolution
		Debug|Win32 = Debug|Win32
		Release|Win32 = Release|Win32
	EndGlobalSection
	GlobalSection(ProjectConfigurationPlatforms) = postSolution
		{6C0EB2C8-6E0E-4893-980D-DE74531B3BE6}.Debug|Win32.ActiveCfg = Debug|Win32
		{6C0EB2C8-6E0E-4893-980D-DE74531B3BE6}.Debug|Win32.Build.0 = Debug|Win32
		{6C0EB2C8-6E0E-4893-980D-DE74531B3BE6}.Release|Win32.ActiveCfg = Release|Win32
		{6C0EB2C8-6E0E-4893-980D-DE74531B3BE6}.Release|Win32.Build.0 = Release|Win32
	EndGlobalSection
	GlobalSection(SolutionProperties) = preSolution
		HideSolutionNode = FALSE
	EndGlobalSection
EndGlobal
